// !$*UTF8*$!
{
	archiveVersion = 1;
	classes = {
	};
	objectVersion = 50;
	objects = {

/* Begin PBXBuildFile section */
		02AEAD932684E542003F8EF6 /* AppDelegate.swift in Sources */ = {isa = PBXBuildFile; fileRef = 02AEAD922684E542003F8EF6 /* AppDelegate.swift */; };
		02AEAD952684E542003F8EF6 /* SceneDelegate.swift in Sources */ = {isa = PBXBuildFile; fileRef = 02AEAD942684E542003F8EF6 /* SceneDelegate.swift */; };
		02AEAD972684E542003F8EF6 /* ViewController.swift in Sources */ = {isa = PBXBuildFile; fileRef = 02AEAD962684E542003F8EF6 /* ViewController.swift */; };
		02AEAD9A2684E542003F8EF6 /* Main.storyboard in Resources */ = {isa = PBXBuildFile; fileRef = 02AEAD982684E542003F8EF6 /* Main.storyboard */; };
		02AEAD9D2684E542003F8EF6 /* Quiz.xcdatamodeld in Sources */ = {isa = PBXBuildFile; fileRef = 02AEAD9B2684E542003F8EF6 /* Quiz.xcdatamodeld */; };
		02AEAD9F2684E545003F8EF6 /* Assets.xcassets in Resources */ = {isa = PBXBuildFile; fileRef = 02AEAD9E2684E545003F8EF6 /* Assets.xcassets */; };
		02AEADA22684E545003F8EF6 /* LaunchScreen.storyboard in Resources */ = {isa = PBXBuildFile; fileRef = 02AEADA02684E545003F8EF6 /* LaunchScreen.storyboard */; };
		02AEADAD2684E545003F8EF6 /* QuizTests.swift in Sources */ = {isa = PBXBuildFile; fileRef = 02AEADAC2684E545003F8EF6 /* QuizTests.swift */; };
		02AEADB82684E545003F8EF6 /* QuizUITests.swift in Sources */ = {isa = PBXBuildFile; fileRef = 02AEADB72684E545003F8EF6 /* QuizUITests.swift */; };
/* End PBXBuildFile section */

/* Begin PBXContainerItemProxy section */
		02AEADA92684E545003F8EF6 /* PBXContainerItemProxy */ = {
			isa = PBXContainerItemProxy;
			containerPortal = 02AEAD872684E542003F8EF6 /* Project object */;
			proxyType = 1;
			remoteGlobalIDString = 02AEAD8E2684E542003F8EF6;
			remoteInfo = Quiz;
		};
		02AEADB42684E545003F8EF6 /* PBXContainerItemProxy */ = {
			isa = PBXContainerItemProxy;
			containerPortal = 02AEAD872684E542003F8EF6 /* Project object */;
			proxyType = 1;
			remoteGlobalIDString = 02AEAD8E2684E542003F8EF6;
			remoteInfo = Quiz;
		};
/* End PBXContainerItemProxy section */

/* Begin PBXFileReference section */
		02AEAD8F2684E542003F8EF6 /* Quiz.app */ = {isa = PBXFileReference; explicitFileType = wrapper.application; includeInIndex = 0; path = Quiz.app; sourceTree = BUILT_PRODUCTS_DIR; };
		02AEAD922684E542003F8EF6 /* AppDelegate.swift */ = {isa = PBXFileReference; lastKnownFileType = sourcecode.swift; path = AppDelegate.swift; sourceTree = "<group>"; };
		02AEAD942684E542003F8EF6 /* SceneDelegate.swift */ = {isa = PBXFileReference; lastKnownFileType = sourcecode.swift; path = SceneDelegate.swift; sourceTree = "<group>"; };
		02AEAD962684E542003F8EF6 /* ViewController.swift */ = {isa = PBXFileReference; lastKnownFileType = sourcecode.swift; path = ViewController.swift; sourceTree = "<group>"; };
		02AEAD992684E542003F8EF6 /* Base */ = {isa = PBXFileReference; lastKnownFileType = file.storyboard; name = Base; path = Base.lproj/Main.storyboard; sourceTree = "<group>"; };
		02AEAD9C2684E542003F8EF6 /* Quiz.xcdatamodel */ = {isa = PBXFileReference; lastKnownFileType = wrapper.xcdatamodel; path = Quiz.xcdatamodel; sourceTree = "<group>"; };
		02AEAD9E2684E545003F8EF6 /* Assets.xcassets */ = {isa = PBXFileReference; lastKnownFileType = folder.assetcatalog; path = Assets.xcassets; sourceTree = "<group>"; };
		02AEADA12684E545003F8EF6 /* Base */ = {isa = PBXFileReference; lastKnownFileType = file.storyboard; name = Base; path = Base.lproj/LaunchScreen.storyboard; sourceTree = "<group>"; };
		02AEADA32684E545003F8EF6 /* Info.plist */ = {isa = PBXFileReference; lastKnownFileType = text.plist.xml; path = Info.plist; sourceTree = "<group>"; };
		02AEADA82684E545003F8EF6 /* QuizTests.xctest */ = {isa = PBXFileReference; explicitFileType = wrapper.cfbundle; includeInIndex = 0; path = QuizTests.xctest; sourceTree = BUILT_PRODUCTS_DIR; };
		02AEADAC2684E545003F8EF6 /* QuizTests.swift */ = {isa = PBXFileReference; lastKnownFileType = sourcecode.swift; path = QuizTests.swift; sourceTree = "<group>"; };
		02AEADAE2684E545003F8EF6 /* Info.plist */ = {isa = PBXFileReference; lastKnownFileType = text.plist.xml; path = Info.plist; sourceTree = "<group>"; };
		02AEADB32684E545003F8EF6 /* QuizUITests.xctest */ = {isa = PBXFileReference; explicitFileType = wrapper.cfbundle; includeInIndex = 0; path = QuizUITests.xctest; sourceTree = BUILT_PRODUCTS_DIR; };
		02AEADB72684E545003F8EF6 /* QuizUITests.swift */ = {isa = PBXFileReference; lastKnownFileType = sourcecode.swift; path = QuizUITests.swift; sourceTree = "<group>"; };
		02AEADB92684E545003F8EF6 /* Info.plist */ = {isa = PBXFileReference; lastKnownFileType = text.plist.xml; path = Info.plist; sourceTree = "<group>"; };
/* End PBXFileReference section */

/* Begin PBXFrameworksBuildPhase section */
		02AEAD8C2684E542003F8EF6 /* Frameworks */ = {
			isa = PBXFrameworksBuildPhase;
			buildActionMask = 2147483647;
			files = (
			);
			runOnlyForDeploymentPostprocessing = 0;
		};
		02AEADA52684E545003F8EF6 /* Frameworks */ = {
			isa = PBXFrameworksBuildPhase;
			buildActionMask = 2147483647;
			files = (
			);
			runOnlyForDeploymentPostprocessing = 0;
		};
		02AEADB02684E545003F8EF6 /* Frameworks */ = {
			isa = PBXFrameworksBuildPhase;
			buildActionMask = 2147483647;
			files = (
			);
			runOnlyForDeploymentPostprocessing = 0;
		};
/* End PBXFrameworksBuildPhase section */

/* Begin PBXGroup section */
		02AEAD862684E542003F8EF6 = {
			isa = PBXGroup;
			children = (
				02AEAD912684E542003F8EF6 /* Quiz */,
				02AEADAB2684E545003F8EF6 /* QuizTests */,
				02AEADB62684E545003F8EF6 /* QuizUITests */,
				02AEAD902684E542003F8EF6 /* Products */,
			);
			sourceTree = "<group>";
		};
		02AEAD902684E542003F8EF6 /* Products */ = {
			isa = PBXGroup;
			children = (
				02AEAD8F2684E542003F8EF6 /* Quiz.app */,
				02AEADA82684E545003F8EF6 /* QuizTests.xctest */,
				02AEADB32684E545003F8EF6 /* QuizUITests.xctest */,
			);
			name = Products;
			sourceTree = "<group>";
		};
		02AEAD912684E542003F8EF6 /* Quiz */ = {
			isa = PBXGroup;
			children = (
				02AEAD922684E542003F8EF6 /* AppDelegate.swift */,
				02AEAD942684E542003F8EF6 /* SceneDelegate.swift */,
				02AEAD962684E542003F8EF6 /* ViewController.swift */,
				02AEAD982684E542003F8EF6 /* Main.storyboard */,
				02AEAD9E2684E545003F8EF6 /* Assets.xcassets */,
				02AEADA02684E545003F8EF6 /* LaunchScreen.storyboard */,
				02AEADA32684E545003F8EF6 /* Info.plist */,
				02AEAD9B2684E542003F8EF6 /* Quiz.xcdatamodeld */,
			);
			path = Quiz;
			sourceTree = "<group>";
		};
		02AEADAB2684E545003F8EF6 /* QuizTests */ = {
			isa = PBXGroup;
			children = (
				02AEADAC2684E545003F8EF6 /* QuizTests.swift */,
				02AEADAE2684E545003F8EF6 /* Info.plist */,
			);
			path = QuizTests;
			sourceTree = "<group>";
		};
		02AEADB62684E545003F8EF6 /* QuizUITests */ = {
			isa = PBXGroup;
			children = (
				02AEADB72684E545003F8EF6 /* QuizUITests.swift */,
				02AEADB92684E545003F8EF6 /* Info.plist */,
			);
			path = QuizUITests;
			sourceTree = "<group>";
		};
/* End PBXGroup section */

/* Begin PBXNativeTarget section */
		02AEAD8E2684E542003F8EF6 /* Quiz */ = {
			isa = PBXNativeTarget;
			buildConfigurationList = 02AEADBC2684E545003F8EF6 /* Build configuration list for PBXNativeTarget "Quiz" */;
			buildPhases = (
				02AEAD8B2684E542003F8EF6 /* Sources */,
				02AEAD8C2684E542003F8EF6 /* Frameworks */,
				02AEAD8D2684E542003F8EF6 /* Resources */,
			);
			buildRules = (
			);
			dependencies = (
			);
			name = Quiz;
			productName = Quiz;
			productReference = 02AEAD8F2684E542003F8EF6 /* Quiz.app */;
			productType = "com.apple.product-type.application";
		};
		02AEADA72684E545003F8EF6 /* QuizTests */ = {
			isa = PBXNativeTarget;
			buildConfigurationList = 02AEADBF2684E545003F8EF6 /* Build configuration list for PBXNativeTarget "QuizTests" */;
			buildPhases = (
				02AEADA42684E545003F8EF6 /* Sources */,
				02AEADA52684E545003F8EF6 /* Frameworks */,
				02AEADA62684E545003F8EF6 /* Resources */,
			);
			buildRules = (
			);
			dependencies = (
				02AEADAA2684E545003F8EF6 /* PBXTargetDependency */,
			);
			name = QuizTests;
			productName = QuizTests;
			productReference = 02AEADA82684E545003F8EF6 /* QuizTests.xctest */;
			productType = "com.apple.product-type.bundle.unit-test";
		};
		02AEADB22684E545003F8EF6 /* QuizUITests */ = {
			isa = PBXNativeTarget;
			buildConfigurationList = 02AEADC22684E545003F8EF6 /* Build configuration list for PBXNativeTarget "QuizUITests" */;
			buildPhases = (
				02AEADAF2684E545003F8EF6 /* Sources */,
				02AEADB02684E545003F8EF6 /* Frameworks */,
				02AEADB12684E545003F8EF6 /* Resources */,
			);
			buildRules = (
			);
			dependencies = (
				02AEADB52684E545003F8EF6 /* PBXTargetDependency */,
			);
			name = QuizUITests;
			productName = QuizUITests;
			productReference = 02AEADB32684E545003F8EF6 /* QuizUITests.xctest */;
			productType = "com.apple.product-type.bundle.ui-testing";
		};
/* End PBXNativeTarget section */

/* Begin PBXProject section */
		02AEAD872684E542003F8EF6 /* Project object */ = {
			isa = PBXProject;
			attributes = {
				LastSwiftUpdateCheck = 1250;
				LastUpgradeCheck = 1250;
				TargetAttributes = {
					02AEAD8E2684E542003F8EF6 = {
						CreatedOnToolsVersion = 12.5;
					};
					02AEADA72684E545003F8EF6 = {
						CreatedOnToolsVersion = 12.5;
						TestTargetID = 02AEAD8E2684E542003F8EF6;
					};
					02AEADB22684E545003F8EF6 = {
						CreatedOnToolsVersion = 12.5;
						TestTargetID = 02AEAD8E2684E542003F8EF6;
					};
				};
			};
			buildConfigurationList = 02AEAD8A2684E542003F8EF6 /* Build configuration list for PBXProject "Quiz" */;
			compatibilityVersion = "Xcode 9.3";
			developmentRegion = en;
			hasScannedForEncodings = 0;
			knownRegions = (
				en,
				Base,
			);
			mainGroup = 02AEAD862684E542003F8EF6;
			productRefGroup = 02AEAD902684E542003F8EF6 /* Products */;
			projectDirPath = "";
			projectRoot = "";
			targets = (
				02AEAD8E2684E542003F8EF6 /* Quiz */,
				02AEADA72684E545003F8EF6 /* QuizTests */,
				02AEADB22684E545003F8EF6 /* QuizUITests */,
			);
		};
/* End PBXProject section */

/* Begin PBXResourcesBuildPhase section */
		02AEAD8D2684E542003F8EF6 /* Resources */ = {
			isa = PBXResourcesBuildPhase;
			buildActionMask = 2147483647;
			files = (
				02AEADA22684E545003F8EF6 /* LaunchScreen.storyboard in Resources */,
				02AEAD9F2684E545003F8EF6 /* Assets.xcassets in Resources */,
				02AEAD9A2684E542003F8EF6 /* Main.storyboard in Resources */,
			);
			runOnlyForDeploymentPostprocessing = 0;
		};
		02AEADA62684E545003F8EF6 /* Resources */ = {
			isa = PBXResourcesBuildPhase;
			buildActionMask = 2147483647;
			files = (
			);
			runOnlyForDeploymentPostprocessing = 0;
		};
		02AEADB12684E545003F8EF6 /* Resources */ = {
			isa = PBXResourcesBuildPhase;
			buildActionMask = 2147483647;
			files = (
			);
			runOnlyForDeploymentPostprocessing = 0;
		};
/* End PBXResourcesBuildPhase section */

/* Begin PBXSourcesBuildPhase section */
		02AEAD8B2684E542003F8EF6 /* Sources */ = {
			isa = PBXSourcesBuildPhase;
			buildActionMask = 2147483647;
			files = (
				02AEAD972684E542003F8EF6 /* ViewController.swift in Sources */,
				02AEAD932684E542003F8EF6 /* AppDelegate.swift in Sources */,
				02AEAD9D2684E542003F8EF6 /* Quiz.xcdatamodeld in Sources */,
				02AEAD952684E542003F8EF6 /* SceneDelegate.swift in Sources */,
			);
			runOnlyForDeploymentPostprocessing = 0;
		};
		02AEADA42684E545003F8EF6 /* Sources */ = {
			isa = PBXSourcesBuildPhase;
			buildActionMask = 2147483647;
			files = (
				02AEADAD2684E545003F8EF6 /* QuizTests.swift in Sources */,
			);
			runOnlyForDeploymentPostprocessing = 0;
		};
		02AEADAF2684E545003F8EF6 /* Sources */ = {
			isa = PBXSourcesBuildPhase;
			buildActionMask = 2147483647;
			files = (
				02AEADB82684E545003F8EF6 /* QuizUITests.swift in Sources */,
			);
			runOnlyForDeploymentPostprocessing = 0;
		};
/* End PBXSourcesBuildPhase section */

/* Begin PBXTargetDependency section */
		02AEADAA2684E545003F8EF6 /* PBXTargetDependency */ = {
			isa = PBXTargetDependency;
			target = 02AEAD8E2684E542003F8EF6 /* Quiz */;
			targetProxy = 02AEADA92684E545003F8EF6 /* PBXContainerItemProxy */;
		};
		02AEADB52684E545003F8EF6 /* PBXTargetDependency */ = {
			isa = PBXTargetDependency;
			target = 02AEAD8E2684E542003F8EF6 /* Quiz */;
			targetProxy = 02AEADB42684E545003F8EF6 /* PBXContainerItemProxy */;
		};
/* End PBXTargetDependency section */

/* Begin PBXVariantGroup section */
		02AEAD982684E542003F8EF6 /* Main.storyboard */ = {
			isa = PBXVariantGroup;
			children = (
				02AEAD992684E542003F8EF6 /* Base */,
			);
			name = Main.storyboard;
			sourceTree = "<group>";
		};
		02AEADA02684E545003F8EF6 /* LaunchScreen.storyboard */ = {
			isa = PBXVariantGroup;
			children = (
				02AEADA12684E545003F8EF6 /* Base */,
			);
			name = LaunchScreen.storyboard;
			sourceTree = "<group>";
		};
/* End PBXVariantGroup section */

/* Begin XCBuildConfiguration section */
		02AEADBA2684E545003F8EF6 /* Debug */ = {
			isa = XCBuildConfiguration;
			buildSettings = {
				ALWAYS_SEARCH_USER_PATHS = NO;
				CLANG_ANALYZER_NONNULL = YES;
				CLANG_ANALYZER_NUMBER_OBJECT_CONVERSION = YES_AGGRESSIVE;
				CLANG_CXX_LANGUAGE_STANDARD = "gnu++14";
				CLANG_CXX_LIBRARY = "libc++";
				CLANG_ENABLE_MODULES = YES;
				CLANG_ENABLE_OBJC_ARC = YES;
				CLANG_ENABLE_OBJC_WEAK = YES;
				CLANG_WARN_BLOCK_CAPTURE_AUTORELEASING = YES;
				CLANG_WARN_BOOL_CONVERSION = YES;
				CLANG_WARN_COMMA = YES;
				CLANG_WARN_CONSTANT_CONVERSION = YES;
				CLANG_WARN_DEPRECATED_OBJC_IMPLEMENTATIONS = YES;
				CLANG_WARN_DIRECT_OBJC_ISA_USAGE = YES_ERROR;
				CLANG_WARN_DOCUMENTATION_COMMENTS = YES;
				CLANG_WARN_EMPTY_BODY = YES;
				CLANG_WARN_ENUM_CONVERSION = YES;
				CLANG_WARN_INFINITE_RECURSION = YES;
				CLANG_WARN_INT_CONVERSION = YES;
				CLANG_WARN_NON_LITERAL_NULL_CONVERSION = YES;
				CLANG_WARN_OBJC_IMPLICIT_RETAIN_SELF = YES;
				CLANG_WARN_OBJC_LITERAL_CONVERSION = YES;
				CLANG_WARN_OBJC_ROOT_CLASS = YES_ERROR;
				CLANG_WARN_QUOTED_INCLUDE_IN_FRAMEWORK_HEADER = YES;
				CLANG_WARN_RANGE_LOOP_ANALYSIS = YES;
				CLANG_WARN_STRICT_PROTOTYPES = YES;
				CLANG_WARN_SUSPICIOUS_MOVE = YES;
				CLANG_WARN_UNGUARDED_AVAILABILITY = YES_AGGRESSIVE;
				CLANG_WARN_UNREACHABLE_CODE = YES;
				CLANG_WARN__DUPLICATE_METHOD_MATCH = YES;
				COPY_PHASE_STRIP = NO;
				DEBUG_INFORMATION_FORMAT = dwarf;
				ENABLE_STRICT_OBJC_MSGSEND = YES;
				ENABLE_TESTABILITY = YES;
				GCC_C_LANGUAGE_STANDARD = gnu11;
				GCC_DYNAMIC_NO_PIC = NO;
				GCC_NO_COMMON_BLOCKS = YES;
				GCC_OPTIMIZATION_LEVEL = 0;
				GCC_PREPROCESSOR_DEFINITIONS = (
					"DEBUG=1",
					"$(inherited)",
				);
				GCC_WARN_64_TO_32_BIT_CONVERSION = YES;
				GCC_WARN_ABOUT_RETURN_TYPE = YES_ERROR;
				GCC_WARN_UNDECLARED_SELECTOR = YES;
				GCC_WARN_UNINITIALIZED_AUTOS = YES_AGGRESSIVE;
				GCC_WARN_UNUSED_FUNCTION = YES;
				GCC_WARN_UNUSED_VARIABLE = YES;
				IPHONEOS_DEPLOYMENT_TARGET = 14.5;
				MTL_ENABLE_DEBUG_INFO = INCLUDE_SOURCE;
				MTL_FAST_MATH = YES;
				ONLY_ACTIVE_ARCH = YES;
				SDKROOT = iphoneos;
				SWIFT_ACTIVE_COMPILATION_CONDITIONS = DEBUG;
				SWIFT_OPTIMIZATION_LEVEL = "-Onone";
			};
			name = Debug;
		};
		02AEADBB2684E545003F8EF6 /* Release */ = {
			isa = XCBuildConfiguration;
			buildSettings = {
				ALWAYS_SEARCH_USER_PATHS = NO;
				CLANG_ANALYZER_NONNULL = YES;
				CLANG_ANALYZER_NUMBER_OBJECT_CONVERSION = YES_AGGRESSIVE;
				CLANG_CXX_LANGUAGE_STANDARD = "gnu++14";
				CLANG_CXX_LIBRARY = "libc++";
				CLANG_ENABLE_MODULES = YES;
				CLANG_ENABLE_OBJC_ARC = YES;
				CLANG_ENABLE_OBJC_WEAK = YES;
				CLANG_WARN_BLOCK_CAPTURE_AUTORELEASING = YES;
				CLANG_WARN_BOOL_CONVERSION = YES;
				CLANG_WARN_COMMA = YES;
				CLANG_WARN_CONSTANT_CONVERSION = YES;
				CLANG_WARN_DEPRECATED_OBJC_IMPLEMENTATIONS = YES;
				CLANG_WARN_DIRECT_OBJC_ISA_USAGE = YES_ERROR;
				CLANG_WARN_DOCUMENTATION_COMMENTS = YES;
				CLANG_WARN_EMPTY_BODY = YES;
				CLANG_WARN_ENUM_CONVERSION = YES;
				CLANG_WARN_INFINITE_RECURSION = YES;
				CLANG_WARN_INT_CONVERSION = YES;
				CLANG_WARN_NON_LITERAL_NULL_CONVERSION = YES;
				CLANG_WARN_OBJC_IMPLICIT_RETAIN_SELF = YES;
				CLANG_WARN_OBJC_LITERAL_CONVERSION = YES;
				CLANG_WARN_OBJC_ROOT_CLASS = YES_ERROR;
				CLANG_WARN_QUOTED_INCLUDE_IN_FRAMEWORK_HEADER = YES;
				CLANG_WARN_RANGE_LOOP_ANALYSIS = YES;
				CLANG_WARN_STRICT_PROTOTYPES = YES;
				CLANG_WARN_SUSPICIOUS_MOVE = YES;
				CLANG_WARN_UNGUARDED_AVAILABILITY = YES_AGGRESSIVE;
				CLANG_WARN_UNREACHABLE_CODE = YES;
				CLANG_WARN__DUPLICATE_METHOD_MATCH = YES;
				COPY_PHASE_STRIP = NO;
				DEBUG_INFORMATION_FORMAT = "dwarf-with-dsym";
				ENABLE_NS_ASSERTIONS = NO;
				ENABLE_STRICT_OBJC_MSGSEND = YES;
				GCC_C_LANGUAGE_STANDARD = gnu11;
				GCC_NO_COMMON_BLOCKS = YES;
				GCC_WARN_64_TO_32_BIT_CONVERSION = YES;
				GCC_WARN_ABOUT_RETURN_TYPE = YES_ERROR;
				GCC_WARN_UNDECLARED_SELECTOR = YES;
				GCC_WARN_UNINITIALIZED_AUTOS = YES_AGGRESSIVE;
				GCC_WARN_UNUSED_FUNCTION = YES;
				GCC_WARN_UNUSED_VARIABLE = YES;
				IPHONEOS_DEPLOYMENT_TARGET = 14.5;
				MTL_ENABLE_DEBUG_INFO = NO;
				MTL_FAST_MATH = YES;
				SDKROOT = iphoneos;
				SWIFT_COMPILATION_MODE = wholemodule;
				SWIFT_OPTIMIZATION_LEVEL = "-O";
				VALIDATE_PRODUCT = YES;
			};
			name = Release;
		};
		02AEADBD2684E545003F8EF6 /* Debug */ = {
			isa = XCBuildConfiguration;
			buildSettings = {
				ASSETCATALOG_COMPILER_APPICON_NAME = AppIcon;
				ASSETCATALOG_COMPILER_GLOBAL_ACCENT_COLOR_NAME = AccentColor;
				CODE_SIGN_STYLE = Automatic;
				INFOPLIST_FILE = Quiz/Info.plist;
				LD_RUNPATH_SEARCH_PATHS = (
					"$(inherited)",
					"@executable_path/Frameworks",
				);
				PRODUCT_BUNDLE_IDENTIFIER = "com.Archangel-Software.Quiz";
				PRODUCT_NAME = "$(TARGET_NAME)";
				SWIFT_VERSION = 5.0;
				TARGETED_DEVICE_FAMILY = "1,2";
			};
			name = Debug;
		};
		02AEADBE2684E545003F8EF6 /* Release */ = {
			isa = XCBuildConfiguration;
			buildSettings = {
				ASSETCATALOG_COMPILER_APPICON_NAME = AppIcon;
				ASSETCATALOG_COMPILER_GLOBAL_ACCENT_COLOR_NAME = AccentColor;
				CODE_SIGN_STYLE = Automatic;
				INFOPLIST_FILE = Quiz/Info.plist;
				LD_RUNPATH_SEARCH_PATHS = (
					"$(inherited)",
					"@executable_path/Frameworks",
				);
				PRODUCT_BUNDLE_IDENTIFIER = "com.Archangel-Software.Quiz";
				PRODUCT_NAME = "$(TARGET_NAME)";
				SWIFT_VERSION = 5.0;
				TARGETED_DEVICE_FAMILY = "1,2";
			};
			name = Release;
		};
		02AEADC02684E545003F8EF6 /* Debug */ = {
			isa = XCBuildConfiguration;
			buildSettings = {
				ALWAYS_EMBED_SWIFT_STANDARD_LIBRARIES = YES;
				BUNDLE_LOADER = "$(TEST_HOST)";
				CODE_SIGN_STYLE = Automatic;
				INFOPLIST_FILE = QuizTests/Info.plist;
				IPHONEOS_DEPLOYMENT_TARGET = 14.5;
				LD_RUNPATH_SEARCH_PATHS = (
					"$(inherited)",
					"@executable_path/Frameworks",
					"@loader_path/Frameworks",
				);
				PRODUCT_BUNDLE_IDENTIFIER = "com.Archangel-Software.QuizTests";
				PRODUCT_NAME = "$(TARGET_NAME)";
				SWIFT_VERSION = 5.0;
				TARGETED_DEVICE_FAMILY = "1,2";
				TEST_HOST = "$(BUILT_PRODUCTS_DIR)/Quiz.app/Quiz";
			};
			name = Debug;
		};
		02AEADC12684E545003F8EF6 /* Release */ = {
			isa = XCBuildConfiguration;
			buildSettings = {
				ALWAYS_EMBED_SWIFT_STANDARD_LIBRARIES = YES;
				BUNDLE_LOADER = "$(TEST_HOST)";
				CODE_SIGN_STYLE = Automatic;
				INFOPLIST_FILE = QuizTests/Info.plist;
				IPHONEOS_DEPLOYMENT_TARGET = 14.5;
				LD_RUNPATH_SEARCH_PATHS = (
					"$(inherited)",
					"@executable_path/Frameworks",
					"@loader_path/Frameworks",
				);
				PRODUCT_BUNDLE_IDENTIFIER = "com.Archangel-Software.QuizTests";
				PRODUCT_NAME = "$(TARGET_NAME)";
				SWIFT_VERSION = 5.0;
				TARGETED_DEVICE_FAMILY = "1,2";
				TEST_HOST = "$(BUILT_PRODUCTS_DIR)/Quiz.app/Quiz";
			};
			name = Release;
		};
		02AEADC32684E545003F8EF6 /* Debug */ = {
			isa = XCBuildConfiguration;
			buildSettings = {
				ALWAYS_EMBED_SWIFT_STANDARD_LIBRARIES = YES;
				CODE_SIGN_STYLE = Automatic;
				INFOPLIST_FILE = QuizUITests/Info.plist;
				LD_RUNPATH_SEARCH_PATHS = (
					"$(inherited)",
					"@executable_path/Frameworks",
					"@loader_path/Frameworks",
				);
				PRODUCT_BUNDLE_IDENTIFIER = "com.Archangel-Software.QuizUITests";
				PRODUCT_NAME = "$(TARGET_NAME)";
				SWIFT_VERSION = 5.0;
				TARGETED_DEVICE_FAMILY = "1,2";
				TEST_TARGET_NAME = Quiz;
			};
			name = Debug;
		};
		02AEADC42684E545003F8EF6 /* Release */ = {
			isa = XCBuildConfiguration;
			buildSettings = {
				ALWAYS_EMBED_SWIFT_STANDARD_LIBRARIES = YES;
				CODE_SIGN_STYLE = Automatic;
				INFOPLIST_FILE = QuizUITests/Info.plist;
				LD_RUNPATH_SEARCH_PATHS = (
					"$(inherited)",
					"@executable_path/Frameworks",
					"@loader_path/Frameworks",
				);
				PRODUCT_BUNDLE_IDENTIFIER = "com.Archangel-Software.QuizUITests";
				PRODUCT_NAME = "$(TARGET_NAME)";
				SWIFT_VERSION = 5.0;
				TARGETED_DEVICE_FAMILY = "1,2";
				TEST_TARGET_NAME = Quiz;
			};
			name = Release;
		};
/* End XCBuildConfiguration section */

/* Begin XCConfigurationList section */
		02AEAD8A2684E542003F8EF6 /* Build configuration list for PBXProject "Quiz" */ = {
			isa = XCConfigurationList;
			buildConfigurations = (
				02AEADBA2684E545003F8EF6 /* Debug */,
				02AEADBB2684E545003F8EF6 /* Release */,
			);
			defaultConfigurationIsVisible = 0;
			defaultConfigurationName = Release;
		};
		02AEADBC2684E545003F8EF6 /* Build configuration list for PBXNativeTarget "Quiz" */ = {
			isa = XCConfigurationList;
			buildConfigurations = (
				02AEADBD2684E545003F8EF6 /* Debug */,
				02AEADBE2684E545003F8EF6 /* Release */,
			);
			defaultConfigurationIsVisible = 0;
			defaultConfigurationName = Release;
		};
		02AEADBF2684E545003F8EF6 /* Build configuration list for PBXNativeTarget "QuizTests" */ = {
			isa = XCConfigurationList;
			buildConfigurations = (
				02AEADC02684E545003F8EF6 /* Debug */,
				02AEADC12684E545003F8EF6 /* Release */,
			);
			defaultConfigurationIsVisible = 0;
			defaultConfigurationName = Release;
		};
		02AEADC22684E545003F8EF6 /* Build configuration list for PBXNativeTarget "QuizUITests" */ = {
			isa = XCConfigurationList;
			buildConfigurations = (
				02AEADC32684E545003F8EF6 /* Debug */,
				02AEADC42684E545003F8EF6 /* Release */,
			);
			defaultConfigurationIsVisible = 0;
			defaultConfigurationName = Release;
		};
/* End XCConfigurationList section */

/* Begin XCVersionGroup section */
		02AEAD9B2684E542003F8EF6 /* Quiz.xcdatamodeld */ = {
			isa = XCVersionGroup;
			children = (
				02AEAD9C2684E542003F8EF6 /* Quiz.xcdatamodel */,
			);
			currentVersion = 02AEAD9C2684E542003F8EF6 /* Quiz.xcdatamodel */;
			path = Quiz.xcdatamodeld;
			sourceTree = "<group>";
			versionGroupType = wrapper.xcdatamodel;
		};
/* End XCVersionGroup section */
	};
	rootObject = 02AEAD872684E542003F8EF6 /* Project object */;
}
